// !$*UTF8*$!
{
	archiveVersion = 1;
	classes = {
	};
	objectVersion = 46;
	objects = {

/* Begin PBXBuildFile section */
		79165BAD1CBA9B01000F6294 /* AppDelegate.swift in Sources */ = {isa = PBXBuildFile; fileRef = 79165BAC1CBA9B01000F6294 /* AppDelegate.swift */; };
		79165BAF1CBA9B01000F6294 /* ViewController.swift in Sources */ = {isa = PBXBuildFile; fileRef = 79165BAE1CBA9B01000F6294 /* ViewController.swift */; };
		79165BB41CBA9B01000F6294 /* Assets.xcassets in Resources */ = {isa = PBXBuildFile; fileRef = 79165BB31CBA9B01000F6294 /* Assets.xcassets */; };
		79165BB71CBA9B01000F6294 /* LaunchScreen.storyboard in Resources */ = {isa = PBXBuildFile; fileRef = 79165BB51CBA9B01000F6294 /* LaunchScreen.storyboard */; };
		79DE82441CBAA7A2003749DB /* TableViewController.swift in Sources */ = {isa = PBXBuildFile; fileRef = 79DE82431CBAA7A2003749DB /* TableViewController.swift */; };
		79DE82461CBAA7B8003749DB /* TableViewCell.swift in Sources */ = {isa = PBXBuildFile; fileRef = 79DE82451CBAA7B8003749DB /* TableViewCell.swift */; };
		79DE82481CBAEC9D003749DB /* Utils.swift in Sources */ = {isa = PBXBuildFile; fileRef = 79DE82471CBAEC9D003749DB /* Utils.swift */; };
		FF09B7769975FA839C5AE4CD /* Pods.framework in Frameworks */ = {isa = PBXBuildFile; fileRef = F12BE2507954600B16EF0CB4 /* Pods.framework */; };
/* End PBXBuildFile section */

/* Begin PBXFileReference section */
		79165BA91CBA9B01000F6294 /* CodecampScrollView.app */ = {isa = PBXFileReference; explicitFileType = wrapper.application; includeInIndex = 0; path = CodecampScrollView.app; sourceTree = BUILT_PRODUCTS_DIR; };
		79165BAC1CBA9B01000F6294 /* AppDelegate.swift */ = {isa = PBXFileReference; lastKnownFileType = sourcecode.swift; path = AppDelegate.swift; sourceTree = "<group>"; };
		79165BAE1CBA9B01000F6294 /* ViewController.swift */ = {isa = PBXFileReference; lastKnownFileType = sourcecode.swift; path = ViewController.swift; sourceTree = "<group>"; };
		79165BB31CBA9B01000F6294 /* Assets.xcassets */ = {isa = PBXFileReference; lastKnownFileType = folder.assetcatalog; path = Assets.xcassets; sourceTree = "<group>"; };
		79165BB61CBA9B01000F6294 /* Base */ = {isa = PBXFileReference; lastKnownFileType = file.storyboard; name = Base; path = Base.lproj/LaunchScreen.storyboard; sourceTree = "<group>"; };
		79165BB81CBA9B01000F6294 /* Info.plist */ = {isa = PBXFileReference; lastKnownFileType = text.plist.xml; path = Info.plist; sourceTree = "<group>"; };
		79DE82431CBAA7A2003749DB /* TableViewController.swift */ = {isa = PBXFileReference; fileEncoding = 4; lastKnownFileType = sourcecode.swift; path = TableViewController.swift; sourceTree = "<group>"; };
		79DE82451CBAA7B8003749DB /* TableViewCell.swift */ = {isa = PBXFileReference; fileEncoding = 4; lastKnownFileType = sourcecode.swift; path = TableViewCell.swift; sourceTree = "<group>"; };
		79DE82471CBAEC9D003749DB /* Utils.swift */ = {isa = PBXFileReference; fileEncoding = 4; lastKnownFileType = sourcecode.swift; path = Utils.swift; sourceTree = "<group>"; };
		9564DA748F5B123F4528565C /* Pods.release.xcconfig */ = {isa = PBXFileReference; includeInIndex = 1; lastKnownFileType = text.xcconfig; name = Pods.release.xcconfig; path = "Pods/Target Support Files/Pods/Pods.release.xcconfig"; sourceTree = "<group>"; };
		F0B92132C8B2A01B20DB26D0 /* Pods.debug.xcconfig */ = {isa = PBXFileReference; includeInIndex = 1; lastKnownFileType = text.xcconfig; name = Pods.debug.xcconfig; path = "Pods/Target Support Files/Pods/Pods.debug.xcconfig"; sourceTree = "<group>"; };
		F12BE2507954600B16EF0CB4 /* Pods.framework */ = {isa = PBXFileReference; explicitFileType = wrapper.framework; includeInIndex = 0; path = Pods.framework; sourceTree = BUILT_PRODUCTS_DIR; };
/* End PBXFileReference section */

/* Begin PBXFrameworksBuildPhase section */
		79165BA61CBA9B01000F6294 /* Frameworks */ = {
			isa = PBXFrameworksBuildPhase;
			buildActionMask = 2147483647;
			files = (
				FF09B7769975FA839C5AE4CD /* Pods.framework in Frameworks */,
			);
			runOnlyForDeploymentPostprocessing = 0;
		};
/* End PBXFrameworksBuildPhase section */

/* Begin PBXGroup section */
		19F54E0B3E3171E79C6A6561 /* Frameworks */ = {
			isa = PBXGroup;
			children = (
				F12BE2507954600B16EF0CB4 /* Pods.framework */,
			);
			name = Frameworks;
			sourceTree = "<group>";
		};
		79165BA01CBA9B01000F6294 = {
			isa = PBXGroup;
			children = (
				79165BAB1CBA9B01000F6294 /* CodecampScrollView */,
				79165BAA1CBA9B01000F6294 /* Products */,
				FCF57213C5B407E46FDF7842 /* Pods */,
				19F54E0B3E3171E79C6A6561 /* Frameworks */,
			);
			sourceTree = "<group>";
		};
		79165BAA1CBA9B01000F6294 /* Products */ = {
			isa = PBXGroup;
			children = (
				79165BA91CBA9B01000F6294 /* CodecampScrollView.app */,
			);
			name = Products;
			sourceTree = "<group>";
		};
		79165BAB1CBA9B01000F6294 /* CodecampScrollView */ = {
			isa = PBXGroup;
			children = (
				79165BAC1CBA9B01000F6294 /* AppDelegate.swift */,
				79165BAE1CBA9B01000F6294 /* ViewController.swift */,
				79165BB31CBA9B01000F6294 /* Assets.xcassets */,
				79165BB51CBA9B01000F6294 /* LaunchScreen.storyboard */,
				79165BB81CBA9B01000F6294 /* Info.plist */,
				79DE82431CBAA7A2003749DB /* TableViewController.swift */,
				79DE82451CBAA7B8003749DB /* TableViewCell.swift */,
				79DE82471CBAEC9D003749DB /* Utils.swift */,
			);
			path = CodecampScrollView;
			sourceTree = "<group>";
		};
		FCF57213C5B407E46FDF7842 /* Pods */ = {
			isa = PBXGroup;
			children = (
				F0B92132C8B2A01B20DB26D0 /* Pods.debug.xcconfig */,
				9564DA748F5B123F4528565C /* Pods.release.xcconfig */,
			);
			name = Pods;
			sourceTree = "<group>";
		};
/* End PBXGroup section */

/* Begin PBXNativeTarget section */
		79165BA81CBA9B01000F6294 /* CodecampScrollView */ = {
			isa = PBXNativeTarget;
			buildConfigurationList = 79165BBB1CBA9B01000F6294 /* Build configuration list for PBXNativeTarget "CodecampScrollView" */;
			buildPhases = (
				8086CCD51B452B019FA2C439 /* Check Pods Manifest.lock */,
				79165BA51CBA9B01000F6294 /* Sources */,
				79165BA61CBA9B01000F6294 /* Frameworks */,
				79165BA71CBA9B01000F6294 /* Resources */,
				E0415CDC04F8621D5F609757 /* Embed Pods Frameworks */,
				2DD85868B794F98A444B977D /* Copy Pods Resources */,
			);
			buildRules = (
			);
			dependencies = (
			);
			name = CodecampScrollView;
			productName = CodecampScrollView;
			productReference = 79165BA91CBA9B01000F6294 /* CodecampScrollView.app */;
			productType = "com.apple.product-type.application";
		};
/* End PBXNativeTarget section */

/* Begin PBXProject section */
		79165BA11CBA9B01000F6294 /* Project object */ = {
			isa = PBXProject;
			attributes = {
				LastSwiftUpdateCheck = 0730;
				LastUpgradeCheck = 0730;
				ORGANIZATIONNAME = "Petr Šíma";
				TargetAttributes = {
					79165BA81CBA9B01000F6294 = {
						CreatedOnToolsVersion = 7.3;
					};
				};
			};
			buildConfigurationList = 79165BA41CBA9B01000F6294 /* Build configuration list for PBXProject "CodecampScrollView" */;
			compatibilityVersion = "Xcode 3.2";
			developmentRegion = English;
			hasScannedForEncodings = 0;
			knownRegions = (
				en,
				Base,
			);
			mainGroup = 79165BA01CBA9B01000F6294;
			productRefGroup = 79165BAA1CBA9B01000F6294 /* Products */;
			projectDirPath = "";
			projectRoot = "";
			targets = (
				79165BA81CBA9B01000F6294 /* CodecampScrollView */,
			);
		};
/* End PBXProject section */

/* Begin PBXResourcesBuildPhase section */
		79165BA71CBA9B01000F6294 /* Resources */ = {
			isa = PBXResourcesBuildPhase;
			buildActionMask = 2147483647;
			files = (
				79165BB71CBA9B01000F6294 /* LaunchScreen.storyboard in Resources */,
				79165BB41CBA9B01000F6294 /* Assets.xcassets in Resources */,
			);
			runOnlyForDeploymentPostprocessing = 0;
		};
/* End PBXResourcesBuildPhase section */

/* Begin PBXShellScriptBuildPhase section */
		2DD85868B794F98A444B977D /* Copy Pods Resources */ = {
			isa = PBXShellScriptBuildPhase;
			buildActionMask = 2147483647;
			files = (
			);
			inputPaths = (
			);
			name = "Copy Pods Resources";
			outputPaths = (
			);
			runOnlyForDeploymentPostprocessing = 0;
			shellPath = /bin/sh;
			shellScript = "\"${SRCROOT}/Pods/Target Support Files/Pods/Pods-resources.sh\"\n";
			showEnvVarsInLog = 0;
		};
		8086CCD51B452B019FA2C439 /* Check Pods Manifest.lock */ = {
			isa = PBXShellScriptBuildPhase;
			buildActionMask = 2147483647;
			files = (
			);
			inputPaths = (
			);
			name = "Check Pods Manifest.lock";
			outputPaths = (
			);
			runOnlyForDeploymentPostprocessing = 0;
			shellPath = /bin/sh;
			shellScript = "diff \"${PODS_ROOT}/../Podfile.lock\" \"${PODS_ROOT}/Manifest.lock\" > /dev/null\nif [[ $? != 0 ]] ; then\n    cat << EOM\nerror: The sandbox is not in sync with the Podfile.lock. Run 'pod install' or update your CocoaPods installation.\nEOM\n    exit 1\nfi\n";
			showEnvVarsInLog = 0;
		};
		E0415CDC04F8621D5F609757 /* Embed Pods Frameworks */ = {
			isa = PBXShellScriptBuildPhase;
			buildActionMask = 2147483647;
			files = (
			);
			inputPaths = (
			);
			name = "Embed Pods Frameworks";
			outputPaths = (
			);
			runOnlyForDeploymentPostprocessing = 0;
			shellPath = /bin/sh;
			shellScript = "\"${SRCROOT}/Pods/Target Support Files/Pods/Pods-frameworks.sh\"\n";
			showEnvVarsInLog = 0;
		};
/* End PBXShellScriptBuildPhase section */

/* Begin PBXSourcesBuildPhase section */
		79165BA51CBA9B01000F6294 /* Sources */ = {
			isa = PBXSourcesBuildPhase;
			buildActionMask = 2147483647;
			files = (
				79DE82481CBAEC9D003749DB /* Utils.swift in Sources */,
				79165BAF1CBA9B01000F6294 /* ViewController.swift in Sources */,
				79DE82461CBAA7B8003749DB /* TableViewCell.swift in Sources */,
				79DE82441CBAA7A2003749DB /* TableViewController.swift in Sources */,
				79165BAD1CBA9B01000F6294 /* AppDelegate.swift in Sources */,
			);
			runOnlyForDeploymentPostprocessing = 0;
		};
/* End PBXSourcesBuildPhase section */

/* Begin PBXVariantGroup section */
		79165BB51CBA9B01000F6294 /* LaunchScreen.storyboard */ = {
			isa = PBXVariantGroup;
			children = (
				79165BB61CBA9B01000F6294 /* Base */,
			);
			name = LaunchScreen.storyboard;
			sourceTree = "<group>";
		};
/* End PBXVariantGroup section */

/* Begin XCBuildConfiguration section */
		79165BB91CBA9B01000F6294 /* Debug */ = {
			isa = XCBuildConfiguration;
			buildSettings = {
				ALWAYS_SEARCH_USER_PATHS = NO;
				CLANG_ANALYZER_NONNULL = YES;
				CLANG_CXX_LANGUAGE_STANDARD = "gnu++0x";
				CLANG_CXX_LIBRARY = "libc++";
				CLANG_ENABLE_MODULES = YES;
				CLANG_ENABLE_OBJC_ARC = YES;
				CLANG_WARN_BOOL_CONVERSION = YES;
				CLANG_WARN_CONSTANT_CONVERSION = YES;
				CLANG_WARN_DIRECT_OBJC_ISA_USAGE = YES_ERROR;
				CLANG_WARN_EMPTY_BODY = YES;
				CLANG_WARN_ENUM_CONVERSION = YES;
				CLANG_WARN_INT_CONVERSION = YES;
				CLANG_WARN_OBJC_ROOT_CLASS = YES_ERROR;
				CLANG_WARN_UNREACHABLE_CODE = YES;
				CLANG_WARN__DUPLICATE_METHOD_MATCH = YES;
				"CODE_SIGN_IDENTITY[sdk=iphoneos*]" = "iPhone Developer";
				COPY_PHASE_STRIP = NO;
				DEBUG_INFORMATION_FORMAT = dwarf;
				ENABLE_STRICT_OBJC_MSGSEND = YES;
				ENABLE_TESTABILITY = YES;
				GCC_C_LANGUAGE_STANDARD = gnu99;
				GCC_DYNAMIC_NO_PIC = NO;
				GCC_NO_COMMON_BLOCKS = YES;
				GCC_OPTIMIZATION_LEVEL = 0;
				GCC_PREPROCESSOR_DEFINITIONS = (
					"DEBUG=1",
					"$(inherited)",
				);
				GCC_WARN_64_TO_32_BIT_CONVERSION = YES;
				GCC_WARN_ABOUT_RETURN_TYPE = YES_ERROR;
				GCC_WARN_UNDECLARED_SELECTOR = YES;
				GCC_WARN_UNINITIALIZED_AUTOS = YES_AGGRESSIVE;
				GCC_WARN_UNUSED_FUNCTION = YES;
				GCC_WARN_UNUSED_VARIABLE = YES;
				IPHONEOS_DEPLOYMENT_TARGET = 9.3;
				MTL_ENABLE_DEBUG_INFO = YES;
				ONLY_ACTIVE_ARCH = YES;
				SDKROOT = iphoneos;
				SWIFT_OPTIMIZATION_LEVEL = "-Onone";
				TARGETED_DEVICE_FAMILY = "1,2";
			};
			name = Debug;
		};
		79165BBA1CBA9B01000F6294 /* Release */ = {
			isa = XCBuildConfiguration;
			buildSettings = {
				ALWAYS_SEARCH_USER_PATHS = NO;
				CLANG_ANALYZER_NONNULL = YES;
				CLANG_CXX_LANGUAGE_STANDARD = "gnu++0x";
				CLANG_CXX_LIBRARY = "libc++";
				CLANG_ENABLE_MODULES = YES;
				CLANG_ENABLE_OBJC_ARC = YES;
				CLANG_WARN_BOOL_CONVERSION = YES;
				CLANG_WARN_CONSTANT_CONVERSION = YES;
				CLANG_WARN_DIRECT_OBJC_ISA_USAGE = YES_ERROR;
				CLANG_WARN_EMPTY_BODY = YES;
				CLANG_WARN_ENUM_CONVERSION = YES;
				CLANG_WARN_INT_CONVERSION = YES;
				CLANG_WARN_OBJC_ROOT_CLASS = YES_ERROR;
				CLANG_WARN_UNREACHABLE_CODE = YES;
				CLANG_WARN__DUPLICATE_METHOD_MATCH = YES;
				"CODE_SIGN_IDENTITY[sdk=iphoneos*]" = "iPhone Developer";
				COPY_PHASE_STRIP = NO;
				DEBUG_INFORMATION_FORMAT = "dwarf-with-dsym";
				ENABLE_NS_ASSERTIONS = NO;
				ENABLE_STRICT_OBJC_MSGSEND = YES;
				GCC_C_LANGUAGE_STANDARD = gnu99;
				GCC_NO_COMMON_BLOCKS = YES;
				GCC_WARN_64_TO_32_BIT_CONVERSION = YES;
				GCC_WARN_ABOUT_RETURN_TYPE = YES_ERROR;
				GCC_WARN_UNDECLARED_SELECTOR = YES;
				GCC_WARN_UNINITIALIZED_AUTOS = YES_AGGRESSIVE;
				GCC_WARN_UNUSED_FUNCTION = YES;
				GCC_WARN_UNUSED_VARIABLE = YES;
				IPHONEOS_DEPLOYMENT_TARGET = 9.3;
				MTL_ENABLE_DEBUG_INFO = NO;
				SDKROOT = iphoneos;
				TARGETED_DEVICE_FAMILY = "1,2";
				VALIDATE_PRODUCT = YES;
			};
			name = Release;
		};
		79165BBC1CBA9B01000F6294 /* Debug */ = {
			isa = XCBuildConfiguration;
			baseConfigurationReference = F0B92132C8B2A01B20DB26D0 /* Pods.debug.xcconfig */;
			buildSettings = {
				ASSETCATALOG_COMPILER_APPICON_NAME = AppIcon;
				INFOPLIST_FILE = CodecampScrollView/Info.plist;
				LD_RUNPATH_SEARCH_PATHS = "$(inherited) @executable_path/Frameworks";
				PRODUCT_BUNDLE_IDENTIFIER = cz.ackee.enterprise.CodecampScrollView;
				PRODUCT_NAME = "$(TARGET_NAME)";
			};
			name = Debug;
		};
		79165BBD1CBA9B01000F6294 /* Release */ = {
			isa = XCBuildConfiguration;
			baseConfigurationReference = 9564DA748F5B123F4528565C /* Pods.release.xcconfig */;
			buildSettings = {
				ASSETCATALOG_COMPILER_APPICON_NAME = AppIcon;
				INFOPLIST_FILE = CodecampScrollView/Info.plist;
				LD_RUNPATH_SEARCH_PATHS = "$(inherited) @executable_path/Frameworks";
				PRODUCT_BUNDLE_IDENTIFIER = cz.ackee.enterprise.CodecampScrollView;
				PRODUCT_NAME = "$(TARGET_NAME)";
			};
			name = Release;
		};
/* End XCBuildConfiguration section */

/* Begin XCConfigurationList section */
		79165BA41CBA9B01000F6294 /* Build configuration list for PBXProject "CodecampScrollView" */ = {
			isa = XCConfigurationList;
			buildConfigurations = (
				79165BB91CBA9B01000F6294 /* Debug */,
				79165BBA1CBA9B01000F6294 /* Release */,
			);
			defaultConfigurationIsVisible = 0;
			defaultConfigurationName = Release;
		};
		79165BBB1CBA9B01000F6294 /* Build configuration list for PBXNativeTarget "CodecampScrollView" */ = {
			isa = XCConfigurationList;
			buildConfigurations = (
				79165BBC1CBA9B01000F6294 /* Debug */,
				79165BBD1CBA9B01000F6294 /* Release */,
			);
			defaultConfigurationIsVisible = 0;
			defaultConfigurationName = Release;
		};
/* End XCConfigurationList section */
	};
	rootObject = 79165BA11CBA9B01000F6294 /* Project object */;
}
